{
  "version": 1,
  "dependencies": {
    ".NETFramework,Version=v4.8": {
      "System.IO": {
        "type": "Transitive",
        "resolved": "4.3.0",
        "contentHash": "3qjaHvxQPDpSOYICjUoTsmoq5u6QJAFRUITgeT/4gqkF1bajbSmb1kwSxEA8AHlofqgcKJcM8udgieRNhaJ5Cg=="
      },
      "System.Net.Http": {
        "type": "Transitive",
        "resolved": "4.3.4",
        "contentHash": "aOa2d51SEbmM+H+Csw7yJOuNZoHkrP2XnAurye5HWYgGVVU54YZDvsLUYRv6h18X3sPnjNCANmN7ZhIPiqMcjA==",
        "dependencies": {
          "System.Security.Cryptography.X509Certificates": "4.3.0"
        }
      },
      "System.Runtime": {
        "type": "Transitive",
        "resolved": "4.3.0",
        "contentHash": "JufQi0vPQ0xGnAczR13AUFglDyVYt4Kqnz1AZaiKZ5+GICq0/1MH/mO/eAJHt/mHW1zjKBJd7kV26SrxddAhiw=="
      },
      "System.Security.Cryptography.Algorithms": {
        "type": "Transitive",
        "resolved": "4.3.0",
        "contentHash": "W1kd2Y8mYSCgc3ULTAZ0hOP2dSdG5YauTb1089T0/kRcN2MpSAW1izOFROrJgxSlMn3ArsgHXagigyi+ibhevg==",
        "dependencies": {
          "System.IO": "4.3.0",
          "System.Runtime": "4.3.0",
          "System.Security.Cryptography.Encoding": "4.3.0",
          "System.Security.Cryptography.Primitives": "4.3.0"
        }
      },
      "System.Security.Cryptography.Encoding": {
        "type": "Transitive",
        "resolved": "4.3.0",
        "contentHash": "1DEWjZZly9ae9C79vFwqaO5kaOlI5q+3/55ohmq/7dpDyDfc8lYe7YVxJUZ5MF/NtbkRjwFRo14yM4OEo9EmDw=="
      },
      "System.Security.Cryptography.Primitives": {
        "type": "Transitive",
        "resolved": "4.3.0",
        "contentHash": "7bDIyVFNL/xKeFHjhobUAQqSpJq9YTOpbEs6mR233Et01STBMXNAc/V+BM6dwYGc95gVh/Zf+iVXWzj3mE8DWg=="
      },
      "System.Security.Cryptography.X509Certificates": {
        "type": "Transitive",
        "resolved": "4.3.0",
        "contentHash": "t2Tmu6Y2NtJ2um0RtcuhP7ZdNNxXEgUm2JeoA/0NvlMjAhKCnM1NX07TDl3244mVp3QU6LPEhT3HTtH1uF7IYw==",
        "dependencies": {
          "System.Security.Cryptography.Algorithms": "4.3.0",
          "System.Security.Cryptography.Encoding": "4.3.0"
        }
      },
      "lanymy.common.abstractions": {
        "type": "Project",
        "dependencies": {
          "Lanymy.Common.ConstKeys": "[0.16.0, )",
          "Lanymy.Common.ExtensionFunctions.ObjectExtensions": "[0.16.0, )",
          "System.Net.Http": "[4.3.4, )"
        }
      },
      "lanymy.common.constkeys": {
        "type": "Project"
      },
      "lanymy.common.enums": {
        "type": "Project"
      },
      "lanymy.common.extensionfunctions.enumextensions": {
        "type": "Project",
        "dependencies": {
          "Lanymy.Common.Helpers.EnumHelper": "[0.16.0, )"
        }
      },
      "lanymy.common.extensionfunctions.objectextensions": {
        "type": "Project",
        "dependencies": {
          "Lanymy.Common.ConstKeys": "[0.16.0, )",
          "Lanymy.Common.Enums": "[0.16.0, )"
        }
      },
      "lanymy.common.helpers.enumhelper": {
        "type": "Project",
        "dependencies": {
          "Lanymy.Common.Instruments.Cache.CustomMemoryCache": "[0.16.0, )",
          "Lanymy.Common.Instruments.EnumMapper": "[0.16.0, )"
        }
      },
      "lanymy.common.instruments.cache.abstractions": {
        "type": "Project",
        "dependencies": {
          "Lanymy.Common.Abstractions": "[0.16.0, )",
          "Lanymy.Common.ExtensionFunctions.ObjectExtensions": "[0.16.0, )"
        }
      },
      "lanymy.common.instruments.cache.custommemorycache": {
        "type": "Project",
        "dependencies": {
          "Lanymy.Common.Instruments.Cache.Abstractions": "[0.16.0, )"
        }
      },
      "lanymy.common.instruments.enummapper": {
        "type": "Project",
        "dependencies": {
          "Lanymy.Common.Instruments.EnumMapper.Abstractions": "[0.16.0, )"
        }
      },
      "lanymy.common.instruments.enummapper.abstractions": {
        "type": "Project"
      }
    },
    ".NETStandard,Version=v2.1": {
      "lanymy.common.abstractions": {
        "type": "Project",
        "dependencies": {
          "Lanymy.Common.ConstKeys": "[0.16.0, )",
          "Lanymy.Common.ExtensionFunctions.ObjectExtensions": "[0.16.0, )"
        }
      },
      "lanymy.common.constkeys": {
        "type": "Project"
      },
      "lanymy.common.enums": {
        "type": "Project"
      },
      "lanymy.common.extensionfunctions.enumextensions": {
        "type": "Project",
        "dependencies": {
          "Lanymy.Common.Helpers.EnumHelper": "[0.16.0, )"
        }
      },
      "lanymy.common.extensionfunctions.objectextensions": {
        "type": "Project",
        "dependencies": {
          "Lanymy.Common.ConstKeys": "[0.16.0, )",
          "Lanymy.Common.Enums": "[0.16.0, )"
        }
      },
      "lanymy.common.helpers.enumhelper": {
        "type": "Project",
        "dependencies": {
          "Lanymy.Common.Instruments.Cache.CustomMemoryCache": "[0.16.0, )",
          "Lanymy.Common.Instruments.EnumMapper": "[0.16.0, )"
        }
      },
      "lanymy.common.instruments.cache.abstractions": {
        "type": "Project",
        "dependencies": {
          "Lanymy.Common.Abstractions": "[0.16.0, )",
          "Lanymy.Common.ExtensionFunctions.ObjectExtensions": "[0.16.0, )"
        }
      },
      "lanymy.common.instruments.cache.custommemorycache": {
        "type": "Project",
        "dependencies": {
          "Lanymy.Common.Instruments.Cache.Abstractions": "[0.16.0, )"
        }
      },
      "lanymy.common.instruments.enummapper": {
        "type": "Project",
        "dependencies": {
          "Lanymy.Common.Instruments.EnumMapper.Abstractions": "[0.16.0, )"
        }
      },
      "lanymy.common.instruments.enummapper.abstractions": {
        "type": "Project"
      }
    },
    "net8.0": {
      "lanymy.common.abstractions": {
        "type": "Project",
        "dependencies": {
          "Lanymy.Common.ConstKeys": "[0.16.0, )",
          "Lanymy.Common.ExtensionFunctions.ObjectExtensions": "[0.16.0, )"
        }
      },
      "lanymy.common.constkeys": {
        "type": "Project"
      },
      "lanymy.common.enums": {
        "type": "Project"
      },
      "lanymy.common.extensionfunctions.enumextensions": {
        "type": "Project",
        "dependencies": {
          "Lanymy.Common.Helpers.EnumHelper": "[0.16.0, )"
        }
      },
      "lanymy.common.extensionfunctions.objectextensions": {
        "type": "Project",
        "dependencies": {
          "Lanymy.Common.ConstKeys": "[0.16.0, )",
          "Lanymy.Common.Enums": "[0.16.0, )"
        }
      },
      "lanymy.common.helpers.enumhelper": {
        "type": "Project",
        "dependencies": {
          "Lanymy.Common.Instruments.Cache.CustomMemoryCache": "[0.16.0, )",
          "Lanymy.Common.Instruments.EnumMapper": "[0.16.0, )"
        }
      },
      "lanymy.common.instruments.cache.abstractions": {
        "type": "Project",
        "dependencies": {
          "Lanymy.Common.Abstractions": "[0.16.0, )",
          "Lanymy.Common.ExtensionFunctions.ObjectExtensions": "[0.16.0, )"
        }
      },
      "lanymy.common.instruments.cache.custommemorycache": {
        "type": "Project",
        "dependencies": {
          "Lanymy.Common.Instruments.Cache.Abstractions": "[0.16.0, )"
        }
      },
      "lanymy.common.instruments.enummapper": {
        "type": "Project",
        "dependencies": {
          "Lanymy.Common.Instruments.EnumMapper.Abstractions": "[0.16.0, )"
        }
      },
      "lanymy.common.instruments.enummapper.abstractions": {
        "type": "Project"
      }
    }
  }
}