{
  "version": 1,
  "dependencies": {
    ".NETFramework,Version=v4.8": {
      "System.Drawing.Common": {
        "type": "Transitive",
        "resolved": "7.0.0",
        "contentHash": "KIX+oBU38pxkKPxvLcLfIkOV5Ien8ReN78wro7OF5/erwcmortzeFx+iBswlh2Vz6gVne0khocQudGwaO1Ey6A=="
      },
      "lanymy.common.enums": {
        "type": "Project"
      },
      "lanymy.common.helpers.imagehelper": {
        "type": "Project",
        "dependencies": {
          "System.Drawing.Common": "[7.0.0, )"
        }
      }
    },
    ".NETStandard,Version=v2.1": {
      "System.Drawing.Common": {
        "type": "Transitive",
        "resolved": "7.0.0",
        "contentHash": "KIX+oBU38pxkKPxvLcLfIkOV5Ien8ReN78wro7OF5/erwcmortzeFx+iBswlh2Vz6gVne0khocQudGwaO1Ey6A=="
      },
      "lanymy.common.enums": {
        "type": "Project"
      },
      "lanymy.common.helpers.imagehelper": {
        "type": "Project",
        "dependencies": {
          "System.Drawing.Common": "[7.0.0, )"
        }
      }
    },
    "net8.0": {
      "Microsoft.Win32.SystemEvents": {
        "type": "Transitive",
        "resolved": "7.0.0",
        "contentHash": "2nXPrhdAyAzir0gLl8Yy8S5Mnm/uBSQQA7jEsILOS1MTyS7DbmV1NgViMtvV1sfCD1ebITpNwb1NIinKeJgUVQ=="
      },
      "System.Drawing.Common": {
        "type": "Transitive",
        "resolved": "7.0.0",
        "contentHash": "KIX+oBU38pxkKPxvLcLfIkOV5Ien8ReN78wro7OF5/erwcmortzeFx+iBswlh2Vz6gVne0khocQudGwaO1Ey6A==",
        "dependencies": {
          "Microsoft.Win32.SystemEvents": "7.0.0"
        }
      },
      "lanymy.common.enums": {
        "type": "Project"
      },
      "lanymy.common.helpers.imagehelper": {
        "type": "Project",
        "dependencies": {
          "System.Drawing.Common": "[7.0.0, )"
        }
      }
    }
  }
}