{
  "version": 1,
  "dependencies": {
    ".NETFramework,Version=v4.8": {
      "lanymy.common.enums": {
        "type": "Project"
      }
    },
    ".NETStandard,Version=v2.1": {
      "lanymy.common.enums": {
        "type": "Project"
      }
    },
    "net8.0": {
      "lanymy.common.enums": {
        "type": "Project"
      }
    }
  }
}