
Microsoft Visual Studio Solution File, Format Version 12.00
# Visual Studio Version 16
VisualStudioVersion = 16.0.29001.49
MinimumVisualStudioVersion = 10.0.40219.1
Project("{2150E333-8FDC-42A3-9474-1A3956D46DE8}") = "00 Documents", "00 Documents", "{31DF6982-DE23-4832-B9B4-FCDF3088170B}"
	ProjectSection(SolutionItems) = preProject
		Documents\Standard.txt = Documents\Standard.txt
	EndProjectSection
EndProject
Project("{2150E333-8FDC-42A3-9474-1A3956D46DE8}") = "01 Others", "01 Others", "{A42DF379-A556-44E5-B89D-CF3E95B92CC0}"
EndProject
Project("{2150E333-8FDC-42A3-9474-1A3956D46DE8}") = "02 UnitTests", "02 UnitTests", "{25F62B98-DC70-4219-ABFA-98454D455589}"
EndProject
Project("{2150E333-8FDC-42A3-9474-1A3956D46DE8}") = "03 Commons", "03 Commons", "{0B046EE0-3294-4090-9260-52970A903A51}"
EndProject
Project("{2150E333-8FDC-42A3-9474-1A3956D46DE8}") = "04 Common.Webs", "04 Common.Webs", "{50B707EC-A318-40D7-BBE4-2AC53CEAD4E5}"
EndProject
Project("{2150E333-8FDC-42A3-9474-1A3956D46DE8}") = "05 Common.Clients", "05 Common.Clients", "{BA37EE82-59C0-4430-B3FB-3BDB7F43BBB6}"
EndProject
Project("{9A19103F-16F7-4668-BE54-9A1E7A4F7556}") = "Lanymy.Common", "Commons\Lanymy.Common\Lanymy.Common.csproj", "{53608A03-B4CB-437F-AE16-976BF58B099F}"
EndProject
Project("{FAE04EC0-301F-11D3-BF4B-00C04F79EFBC}") = "TheFirstBuildLanymyNetSolution", "Others\TheFirstBuildLanymyNetSolution\TheFirstBuildLanymyNetSolution.csproj", "{45678658-6B38-4F6B-A3BD-6306D5EB89CD}"
EndProject
Global
	GlobalSection(SolutionConfigurationPlatforms) = preSolution
		Debug|Any CPU = Debug|Any CPU
		Debug|x64 = Debug|x64
		Debug|x86 = Debug|x86
		Release|Any CPU = Release|Any CPU
		Release|x64 = Release|x64
		Release|x86 = Release|x86
	EndGlobalSection
	GlobalSection(ProjectConfigurationPlatforms) = postSolution
		{53608A03-B4CB-437F-AE16-976BF58B099F}.Debug|Any CPU.ActiveCfg = Debug|Any CPU
		{53608A03-B4CB-437F-AE16-976BF58B099F}.Debug|Any CPU.Build.0 = Debug|Any CPU
		{53608A03-B4CB-437F-AE16-976BF58B099F}.Debug|x64.ActiveCfg = Debug|Any CPU
		{53608A03-B4CB-437F-AE16-976BF58B099F}.Debug|x64.Build.0 = Debug|Any CPU
		{53608A03-B4CB-437F-AE16-976BF58B099F}.Debug|x86.ActiveCfg = Debug|Any CPU
		{53608A03-B4CB-437F-AE16-976BF58B099F}.Debug|x86.Build.0 = Debug|Any CPU
		{53608A03-B4CB-437F-AE16-976BF58B099F}.Release|Any CPU.ActiveCfg = Release|Any CPU
		{53608A03-B4CB-437F-AE16-976BF58B099F}.Release|Any CPU.Build.0 = Release|Any CPU
		{53608A03-B4CB-437F-AE16-976BF58B099F}.Release|x64.ActiveCfg = Release|Any CPU
		{53608A03-B4CB-437F-AE16-976BF58B099F}.Release|x64.Build.0 = Release|Any CPU
		{53608A03-B4CB-437F-AE16-976BF58B099F}.Release|x86.ActiveCfg = Release|Any CPU
		{53608A03-B4CB-437F-AE16-976BF58B099F}.Release|x86.Build.0 = Release|Any CPU
		{45678658-6B38-4F6B-A3BD-6306D5EB89CD}.Debug|Any CPU.ActiveCfg = Debug|Any CPU
		{45678658-6B38-4F6B-A3BD-6306D5EB89CD}.Debug|Any CPU.Build.0 = Debug|Any CPU
		{45678658-6B38-4F6B-A3BD-6306D5EB89CD}.Debug|x64.ActiveCfg = Debug|Any CPU
		{45678658-6B38-4F6B-A3BD-6306D5EB89CD}.Debug|x64.Build.0 = Debug|Any CPU
		{45678658-6B38-4F6B-A3BD-6306D5EB89CD}.Debug|x86.ActiveCfg = Debug|Any CPU
		{45678658-6B38-4F6B-A3BD-6306D5EB89CD}.Debug|x86.Build.0 = Debug|Any CPU
		{45678658-6B38-4F6B-A3BD-6306D5EB89CD}.Release|Any CPU.ActiveCfg = Release|Any CPU
		{45678658-6B38-4F6B-A3BD-6306D5EB89CD}.Release|Any CPU.Build.0 = Release|Any CPU
		{45678658-6B38-4F6B-A3BD-6306D5EB89CD}.Release|x64.ActiveCfg = Release|Any CPU
		{45678658-6B38-4F6B-A3BD-6306D5EB89CD}.Release|x64.Build.0 = Release|Any CPU
		{45678658-6B38-4F6B-A3BD-6306D5EB89CD}.Release|x86.ActiveCfg = Release|Any CPU
		{45678658-6B38-4F6B-A3BD-6306D5EB89CD}.Release|x86.Build.0 = Release|Any CPU
	EndGlobalSection
	GlobalSection(SolutionProperties) = preSolution
		HideSolutionNode = FALSE
	EndGlobalSection
	GlobalSection(NestedProjects) = preSolution
		{53608A03-B4CB-437F-AE16-976BF58B099F} = {0B046EE0-3294-4090-9260-52970A903A51}
		{45678658-6B38-4F6B-A3BD-6306D5EB89CD} = {A42DF379-A556-44E5-B89D-CF3E95B92CC0}
	EndGlobalSection
	GlobalSection(ExtensibilityGlobals) = postSolution
		SolutionGuid = {55F4599F-E744-4FB9-A0B9-0F41F223A2BF}
	EndGlobalSection
EndGlobal
