
Microsoft Visual Studio Solution File, Format Version 12.00
# Visual Studio Version 16
VisualStudioVersion = 16.0.29001.49
MinimumVisualStudioVersion = 10.0.40219.1
Project("{2150E333-8FDC-42A3-9474-1A3956D46DE8}") = "00 Documents", "00 Documents", "{31DF6982-DE23-4832-B9B4-FCDF3088170B}"
	ProjectSection(SolutionItems) = preProject
		Documents\Standard.txt = Documents\Standard.txt
	EndProjectSection
EndProject
Project("{2150E333-8FDC-42A3-9474-1A3956D46DE8}") = "01 Others", "01 Others", "{A42DF379-A556-44E5-B89D-CF3E95B92CC0}"
EndProject
Project("{2150E333-8FDC-42A3-9474-1A3956D46DE8}") = "02 UnitTests", "02 UnitTests", "{25F62B98-DC70-4219-ABFA-98454D455589}"
EndProject
Project("{2150E333-8FDC-42A3-9474-1A3956D46DE8}") = "03 Commons", "03 Commons", "{0B046EE0-3294-4090-9260-52970A903A51}"
EndProject
Project("{2150E333-8FDC-42A3-9474-1A3956D46DE8}") = "04 Common.Webs", "04 Common.Webs", "{50B707EC-A318-40D7-BBE4-2AC53CEAD4E5}"
EndProject
Project("{2150E333-8FDC-42A3-9474-1A3956D46DE8}") = "05 Common.Clients", "05 Common.Clients", "{BA37EE82-59C0-4430-B3FB-3BDB7F43BBB6}"
EndProject
Project("{9A19103F-16F7-4668-BE54-9A1E7A4F7556}") = "Lanymy.Common", "Commons\Lanymy.Common\Lanymy.Common.csproj", "{53608A03-B4CB-437F-AE16-976BF58B099F}"
EndProject
Project("{9A19103F-16F7-4668-BE54-9A1E7A4F7556}") = "Lanymy.Common.Console", "Common.Clients\Lanymy.Common.Console\Lanymy.Common.Console.csproj", "{92EEFAFD-ACBB-4A45-AE30-812CE42B6AF7}"
EndProject
Project("{FAE04EC0-301F-11D3-BF4B-00C04F79EFBC}") = "AutoCopyReleaseDll", "Others\AutoCopyReleaseDll\AutoCopyReleaseDll.csproj", "{1E58F49C-D9E1-40C2-A291-5BE9E192246C}"
EndProject
Project("{FAE04EC0-301F-11D3-BF4B-00C04F79EFBC}") = "Lanymy.Common.Core.UnitTests", "UnitTests\Lanymy.Common.Core.UnitTests\Lanymy.Common.Core.UnitTests.csproj", "{AC3F1BDD-FD96-4C83-8A70-45D6E7CB239E}"
EndProject
Global
	GlobalSection(SolutionConfigurationPlatforms) = preSolution
		Debug|Any CPU = Debug|Any CPU
		Debug|x64 = Debug|x64
		Debug|x86 = Debug|x86
		Release|Any CPU = Release|Any CPU
		Release|x64 = Release|x64
		Release|x86 = Release|x86
	EndGlobalSection
	GlobalSection(ProjectConfigurationPlatforms) = postSolution
		{53608A03-B4CB-437F-AE16-976BF58B099F}.Debug|Any CPU.ActiveCfg = Debug|Any CPU
		{53608A03-B4CB-437F-AE16-976BF58B099F}.Debug|Any CPU.Build.0 = Debug|Any CPU
		{53608A03-B4CB-437F-AE16-976BF58B099F}.Debug|x64.ActiveCfg = Debug|Any CPU
		{53608A03-B4CB-437F-AE16-976BF58B099F}.Debug|x64.Build.0 = Debug|Any CPU
		{53608A03-B4CB-437F-AE16-976BF58B099F}.Debug|x86.ActiveCfg = Debug|Any CPU
		{53608A03-B4CB-437F-AE16-976BF58B099F}.Debug|x86.Build.0 = Debug|Any CPU
		{53608A03-B4CB-437F-AE16-976BF58B099F}.Release|Any CPU.ActiveCfg = Release|Any CPU
		{53608A03-B4CB-437F-AE16-976BF58B099F}.Release|Any CPU.Build.0 = Release|Any CPU
		{53608A03-B4CB-437F-AE16-976BF58B099F}.Release|x64.ActiveCfg = Release|Any CPU
		{53608A03-B4CB-437F-AE16-976BF58B099F}.Release|x64.Build.0 = Release|Any CPU
		{53608A03-B4CB-437F-AE16-976BF58B099F}.Release|x86.ActiveCfg = Release|Any CPU
		{53608A03-B4CB-437F-AE16-976BF58B099F}.Release|x86.Build.0 = Release|Any CPU
		{92EEFAFD-ACBB-4A45-AE30-812CE42B6AF7}.Debug|Any CPU.ActiveCfg = Debug|Any CPU
		{92EEFAFD-ACBB-4A45-AE30-812CE42B6AF7}.Debug|Any CPU.Build.0 = Debug|Any CPU
		{92EEFAFD-ACBB-4A45-AE30-812CE42B6AF7}.Debug|x64.ActiveCfg = Debug|Any CPU
		{92EEFAFD-ACBB-4A45-AE30-812CE42B6AF7}.Debug|x64.Build.0 = Debug|Any CPU
		{92EEFAFD-ACBB-4A45-AE30-812CE42B6AF7}.Debug|x86.ActiveCfg = Debug|Any CPU
		{92EEFAFD-ACBB-4A45-AE30-812CE42B6AF7}.Debug|x86.Build.0 = Debug|Any CPU
		{92EEFAFD-ACBB-4A45-AE30-812CE42B6AF7}.Release|Any CPU.ActiveCfg = Release|Any CPU
		{92EEFAFD-ACBB-4A45-AE30-812CE42B6AF7}.Release|Any CPU.Build.0 = Release|Any CPU
		{92EEFAFD-ACBB-4A45-AE30-812CE42B6AF7}.Release|x64.ActiveCfg = Release|Any CPU
		{92EEFAFD-ACBB-4A45-AE30-812CE42B6AF7}.Release|x64.Build.0 = Release|Any CPU
		{92EEFAFD-ACBB-4A45-AE30-812CE42B6AF7}.Release|x86.ActiveCfg = Release|Any CPU
		{92EEFAFD-ACBB-4A45-AE30-812CE42B6AF7}.Release|x86.Build.0 = Release|Any CPU
		{1E58F49C-D9E1-40C2-A291-5BE9E192246C}.Debug|Any CPU.ActiveCfg = Debug|Any CPU
		{1E58F49C-D9E1-40C2-A291-5BE9E192246C}.Debug|Any CPU.Build.0 = Debug|Any CPU
		{1E58F49C-D9E1-40C2-A291-5BE9E192246C}.Debug|x64.ActiveCfg = Debug|Any CPU
		{1E58F49C-D9E1-40C2-A291-5BE9E192246C}.Debug|x64.Build.0 = Debug|Any CPU
		{1E58F49C-D9E1-40C2-A291-5BE9E192246C}.Debug|x86.ActiveCfg = Debug|Any CPU
		{1E58F49C-D9E1-40C2-A291-5BE9E192246C}.Debug|x86.Build.0 = Debug|Any CPU
		{1E58F49C-D9E1-40C2-A291-5BE9E192246C}.Release|Any CPU.ActiveCfg = Release|Any CPU
		{1E58F49C-D9E1-40C2-A291-5BE9E192246C}.Release|Any CPU.Build.0 = Release|Any CPU
		{1E58F49C-D9E1-40C2-A291-5BE9E192246C}.Release|x64.ActiveCfg = Release|Any CPU
		{1E58F49C-D9E1-40C2-A291-5BE9E192246C}.Release|x64.Build.0 = Release|Any CPU
		{1E58F49C-D9E1-40C2-A291-5BE9E192246C}.Release|x86.ActiveCfg = Release|Any CPU
		{1E58F49C-D9E1-40C2-A291-5BE9E192246C}.Release|x86.Build.0 = Release|Any CPU
		{AC3F1BDD-FD96-4C83-8A70-45D6E7CB239E}.Debug|Any CPU.ActiveCfg = Debug|Any CPU
		{AC3F1BDD-FD96-4C83-8A70-45D6E7CB239E}.Debug|Any CPU.Build.0 = Debug|Any CPU
		{AC3F1BDD-FD96-4C83-8A70-45D6E7CB239E}.Debug|x64.ActiveCfg = Debug|Any CPU
		{AC3F1BDD-FD96-4C83-8A70-45D6E7CB239E}.Debug|x64.Build.0 = Debug|Any CPU
		{AC3F1BDD-FD96-4C83-8A70-45D6E7CB239E}.Debug|x86.ActiveCfg = Debug|Any CPU
		{AC3F1BDD-FD96-4C83-8A70-45D6E7CB239E}.Debug|x86.Build.0 = Debug|Any CPU
		{AC3F1BDD-FD96-4C83-8A70-45D6E7CB239E}.Release|Any CPU.ActiveCfg = Release|Any CPU
		{AC3F1BDD-FD96-4C83-8A70-45D6E7CB239E}.Release|Any CPU.Build.0 = Release|Any CPU
		{AC3F1BDD-FD96-4C83-8A70-45D6E7CB239E}.Release|x64.ActiveCfg = Release|Any CPU
		{AC3F1BDD-FD96-4C83-8A70-45D6E7CB239E}.Release|x64.Build.0 = Release|Any CPU
		{AC3F1BDD-FD96-4C83-8A70-45D6E7CB239E}.Release|x86.ActiveCfg = Release|Any CPU
		{AC3F1BDD-FD96-4C83-8A70-45D6E7CB239E}.Release|x86.Build.0 = Release|Any CPU
	EndGlobalSection
	GlobalSection(SolutionProperties) = preSolution
		HideSolutionNode = FALSE
	EndGlobalSection
	GlobalSection(NestedProjects) = preSolution
		{53608A03-B4CB-437F-AE16-976BF58B099F} = {0B046EE0-3294-4090-9260-52970A903A51}
		{92EEFAFD-ACBB-4A45-AE30-812CE42B6AF7} = {BA37EE82-59C0-4430-B3FB-3BDB7F43BBB6}
		{1E58F49C-D9E1-40C2-A291-5BE9E192246C} = {A42DF379-A556-44E5-B89D-CF3E95B92CC0}
		{AC3F1BDD-FD96-4C83-8A70-45D6E7CB239E} = {25F62B98-DC70-4219-ABFA-98454D455589}
	EndGlobalSection
	GlobalSection(ExtensibilityGlobals) = postSolution
		SolutionGuid = {55F4599F-E744-4FB9-A0B9-0F41F223A2BF}
	EndGlobalSection
EndGlobal
